
Microsoft Visual Studio Solution File, Format Version 12.00
# Visual Studio Version 16
VisualStudioVersion = 16.0.30621.155
MinimumVisualStudioVersion = 10.0.40219.1
Project("{FAE04EC0-301F-11D3-BF4B-00C04F79EFBC}") = "WpfAppForCapgemini", "WpfAppForCapgemini\WpfAppForCapgemini.csproj", "{5E334724-6CAC-4C99-B8B1-FD2AFD408BB8}"
EndProject
Global
	GlobalSection(SolutionConfigurationPlatforms) = preSolution
		Debug|Any CPU = Debug|Any CPU
		Release|Any CPU = Release|Any CPU
	EndGlobalSection
	GlobalSection(ProjectConfigurationPlatforms) = postSolution
		{5E334724-6CAC-4C99-B8B1-FD2AFD408BB8}.Debug|Any CPU.ActiveCfg = Debug|Any CPU
		{5E334724-6CAC-4C99-B8B1-FD2AFD408BB8}.Debug|Any CPU.Build.0 = Debug|Any CPU
		{5E334724-6CAC-4C99-B8B1-FD2AFD408BB8}.Release|Any CPU.ActiveCfg = Release|Any CPU
		{5E334724-6CAC-4C99-B8B1-FD2AFD408BB8}.Release|Any CPU.Build.0 = Release|Any CPU
	EndGlobalSection
	GlobalSection(SolutionProperties) = preSolution
		HideSolutionNode = FALSE
	EndGlobalSection
	GlobalSection(ExtensibilityGlobals) = postSolution
		SolutionGuid = {D10C5839-0BE2-4E15-93C5-79791DFB0C3F}
	EndGlobalSection
EndGlobal
